
Microsoft Visual Studio Solution File, Format Version 12.00
# Visual Studio 15
VisualStudioVersion = 15.0.27130.2036
MinimumVisualStudioVersion = 10.0.40219.1
Project("{8BC9CEB8-8B4A-11D0-8D11-00A0C91BC942}") = "hello_server_win", "hello_server_win\hello_server_win.vcxproj", "{217D91B7-11F3-4587-9FDB-B971AC0869BF}"
EndProject
Project("{8BC9CEB8-8B4A-11D0-8D11-00A0C91BC942}") = "hello_client_win", "hello_client_win\hello_client_win.vcxproj", "{0D3436E0-6F75-41C4-A9FF-FCD60DEE5B55}"
EndProject
Project("{8BC9CEB8-8B4A-11D0-8D11-00A0C91BC942}") = "tcp_client", "tcp_client\tcp_client.vcxproj", "{EB2473B7-54E5-4739-B0E3-2587FDC6F7F2}"
EndProject
Project("{8BC9CEB8-8B4A-11D0-8D11-00A0C91BC942}") = "endian_conv", "endian_conv\endian_conv.vcxproj", "{7B403B82-2FE1-4A2C-ACE6-035C01ED37BD}"
EndProject
Project("{8BC9CEB8-8B4A-11D0-8D11-00A0C91BC942}") = "inet_addr", "inet_addr\inet_addr.vcxproj", "{24557CB6-4282-4522-9E91-4246F88C9907}"
EndProject
Project("{8BC9CEB8-8B4A-11D0-8D11-00A0C91BC942}") = "echo_server", "echo_server\echo_server.vcxproj", "{6478625B-EF55-4CB2-A130-F67003870ED7}"
EndProject
Project("{8BC9CEB8-8B4A-11D0-8D11-00A0C91BC942}") = "echo_client", "echo_client\echo_client.vcxproj", "{38405CA7-BF2E-4008-B61E-63299625B16A}"
EndProject
Project("{8BC9CEB8-8B4A-11D0-8D11-00A0C91BC942}") = "opserver", "opserver\opserver.vcxproj", "{FD985EC8-75BE-46CD-8443-AFBD996DF6B3}"
EndProject
Project("{8BC9CEB8-8B4A-11D0-8D11-00A0C91BC942}") = "opclient", "opclient\opclient.vcxproj", "{2D2ED289-90C4-4FD3-9F4D-57F8D5CEDC6E}"
EndProject
Project("{8BC9CEB8-8B4A-11D0-8D11-00A0C91BC942}") = "uecho_server", "uecho_server\uecho_server.vcxproj", "{4EDACFCF-C03B-4FAE-985E-7E0198247324}"
EndProject
Project("{8BC9CEB8-8B4A-11D0-8D11-00A0C91BC942}") = "uecho_client", "uecho_client\uecho_client.vcxproj", "{661A7CC4-07EF-4833-810E-D465E2134B3C}"
EndProject
Global
	GlobalSection(SolutionConfigurationPlatforms) = preSolution
		Debug|x64 = Debug|x64
		Debug|x86 = Debug|x86
		Release|x64 = Release|x64
		Release|x86 = Release|x86
	EndGlobalSection
	GlobalSection(ProjectConfigurationPlatforms) = postSolution
		{217D91B7-11F3-4587-9FDB-B971AC0869BF}.Debug|x64.ActiveCfg = Debug|x64
		{217D91B7-11F3-4587-9FDB-B971AC0869BF}.Debug|x64.Build.0 = Debug|x64
		{217D91B7-11F3-4587-9FDB-B971AC0869BF}.Debug|x86.ActiveCfg = Debug|Win32
		{217D91B7-11F3-4587-9FDB-B971AC0869BF}.Debug|x86.Build.0 = Debug|Win32
		{217D91B7-11F3-4587-9FDB-B971AC0869BF}.Release|x64.ActiveCfg = Release|x64
		{217D91B7-11F3-4587-9FDB-B971AC0869BF}.Release|x64.Build.0 = Release|x64
		{217D91B7-11F3-4587-9FDB-B971AC0869BF}.Release|x86.ActiveCfg = Release|Win32
		{217D91B7-11F3-4587-9FDB-B971AC0869BF}.Release|x86.Build.0 = Release|Win32
		{0D3436E0-6F75-41C4-A9FF-FCD60DEE5B55}.Debug|x64.ActiveCfg = Debug|x64
		{0D3436E0-6F75-41C4-A9FF-FCD60DEE5B55}.Debug|x64.Build.0 = Debug|x64
		{0D3436E0-6F75-41C4-A9FF-FCD60DEE5B55}.Debug|x86.ActiveCfg = Debug|Win32
		{0D3436E0-6F75-41C4-A9FF-FCD60DEE5B55}.Debug|x86.Build.0 = Debug|Win32
		{0D3436E0-6F75-41C4-A9FF-FCD60DEE5B55}.Release|x64.ActiveCfg = Release|x64
		{0D3436E0-6F75-41C4-A9FF-FCD60DEE5B55}.Release|x64.Build.0 = Release|x64
		{0D3436E0-6F75-41C4-A9FF-FCD60DEE5B55}.Release|x86.ActiveCfg = Release|Win32
		{0D3436E0-6F75-41C4-A9FF-FCD60DEE5B55}.Release|x86.Build.0 = Release|Win32
		{EB2473B7-54E5-4739-B0E3-2587FDC6F7F2}.Debug|x64.ActiveCfg = Debug|x64
		{EB2473B7-54E5-4739-B0E3-2587FDC6F7F2}.Debug|x64.Build.0 = Debug|x64
		{EB2473B7-54E5-4739-B0E3-2587FDC6F7F2}.Debug|x86.ActiveCfg = Debug|Win32
		{EB2473B7-54E5-4739-B0E3-2587FDC6F7F2}.Debug|x86.Build.0 = Debug|Win32
		{EB2473B7-54E5-4739-B0E3-2587FDC6F7F2}.Release|x64.ActiveCfg = Release|x64
		{EB2473B7-54E5-4739-B0E3-2587FDC6F7F2}.Release|x64.Build.0 = Release|x64
		{EB2473B7-54E5-4739-B0E3-2587FDC6F7F2}.Release|x86.ActiveCfg = Release|Win32
		{EB2473B7-54E5-4739-B0E3-2587FDC6F7F2}.Release|x86.Build.0 = Release|Win32
		{7B403B82-2FE1-4A2C-ACE6-035C01ED37BD}.Debug|x64.ActiveCfg = Debug|x64
		{7B403B82-2FE1-4A2C-ACE6-035C01ED37BD}.Debug|x64.Build.0 = Debug|x64
		{7B403B82-2FE1-4A2C-ACE6-035C01ED37BD}.Debug|x86.ActiveCfg = Debug|Win32
		{7B403B82-2FE1-4A2C-ACE6-035C01ED37BD}.Debug|x86.Build.0 = Debug|Win32
		{7B403B82-2FE1-4A2C-ACE6-035C01ED37BD}.Release|x64.ActiveCfg = Release|x64
		{7B403B82-2FE1-4A2C-ACE6-035C01ED37BD}.Release|x64.Build.0 = Release|x64
		{7B403B82-2FE1-4A2C-ACE6-035C01ED37BD}.Release|x86.ActiveCfg = Release|Win32
		{7B403B82-2FE1-4A2C-ACE6-035C01ED37BD}.Release|x86.Build.0 = Release|Win32
		{24557CB6-4282-4522-9E91-4246F88C9907}.Debug|x64.ActiveCfg = Debug|x64
		{24557CB6-4282-4522-9E91-4246F88C9907}.Debug|x64.Build.0 = Debug|x64
		{24557CB6-4282-4522-9E91-4246F88C9907}.Debug|x86.ActiveCfg = Debug|Win32
		{24557CB6-4282-4522-9E91-4246F88C9907}.Debug|x86.Build.0 = Debug|Win32
		{24557CB6-4282-4522-9E91-4246F88C9907}.Release|x64.ActiveCfg = Release|x64
		{24557CB6-4282-4522-9E91-4246F88C9907}.Release|x64.Build.0 = Release|x64
		{24557CB6-4282-4522-9E91-4246F88C9907}.Release|x86.ActiveCfg = Release|Win32
		{24557CB6-4282-4522-9E91-4246F88C9907}.Release|x86.Build.0 = Release|Win32
		{6478625B-EF55-4CB2-A130-F67003870ED7}.Debug|x64.ActiveCfg = Debug|x64
		{6478625B-EF55-4CB2-A130-F67003870ED7}.Debug|x64.Build.0 = Debug|x64
		{6478625B-EF55-4CB2-A130-F67003870ED7}.Debug|x86.ActiveCfg = Debug|Win32
		{6478625B-EF55-4CB2-A130-F67003870ED7}.Debug|x86.Build.0 = Debug|Win32
		{6478625B-EF55-4CB2-A130-F67003870ED7}.Release|x64.ActiveCfg = Release|x64
		{6478625B-EF55-4CB2-A130-F67003870ED7}.Release|x64.Build.0 = Release|x64
		{6478625B-EF55-4CB2-A130-F67003870ED7}.Release|x86.ActiveCfg = Release|Win32
		{6478625B-EF55-4CB2-A130-F67003870ED7}.Release|x86.Build.0 = Release|Win32
		{38405CA7-BF2E-4008-B61E-63299625B16A}.Debug|x64.ActiveCfg = Debug|x64
		{38405CA7-BF2E-4008-B61E-63299625B16A}.Debug|x64.Build.0 = Debug|x64
		{38405CA7-BF2E-4008-B61E-63299625B16A}.Debug|x86.ActiveCfg = Debug|Win32
		{38405CA7-BF2E-4008-B61E-63299625B16A}.Debug|x86.Build.0 = Debug|Win32
		{38405CA7-BF2E-4008-B61E-63299625B16A}.Release|x64.ActiveCfg = Release|x64
		{38405CA7-BF2E-4008-B61E-63299625B16A}.Release|x64.Build.0 = Release|x64
		{38405CA7-BF2E-4008-B61E-63299625B16A}.Release|x86.ActiveCfg = Release|Win32
		{38405CA7-BF2E-4008-B61E-63299625B16A}.Release|x86.Build.0 = Release|Win32
		{FD985EC8-75BE-46CD-8443-AFBD996DF6B3}.Debug|x64.ActiveCfg = Debug|x64
		{FD985EC8-75BE-46CD-8443-AFBD996DF6B3}.Debug|x64.Build.0 = Debug|x64
		{FD985EC8-75BE-46CD-8443-AFBD996DF6B3}.Debug|x86.ActiveCfg = Debug|Win32
		{FD985EC8-75BE-46CD-8443-AFBD996DF6B3}.Debug|x86.Build.0 = Debug|Win32
		{FD985EC8-75BE-46CD-8443-AFBD996DF6B3}.Release|x64.ActiveCfg = Release|x64
		{FD985EC8-75BE-46CD-8443-AFBD996DF6B3}.Release|x64.Build.0 = Release|x64
		{FD985EC8-75BE-46CD-8443-AFBD996DF6B3}.Release|x86.ActiveCfg = Release|Win32
		{FD985EC8-75BE-46CD-8443-AFBD996DF6B3}.Release|x86.Build.0 = Release|Win32
		{2D2ED289-90C4-4FD3-9F4D-57F8D5CEDC6E}.Debug|x64.ActiveCfg = Debug|x64
		{2D2ED289-90C4-4FD3-9F4D-57F8D5CEDC6E}.Debug|x64.Build.0 = Debug|x64
		{2D2ED289-90C4-4FD3-9F4D-57F8D5CEDC6E}.Debug|x86.ActiveCfg = Debug|Win32
		{2D2ED289-90C4-4FD3-9F4D-57F8D5CEDC6E}.Debug|x86.Build.0 = Debug|Win32
		{2D2ED289-90C4-4FD3-9F4D-57F8D5CEDC6E}.Release|x64.ActiveCfg = Release|x64
		{2D2ED289-90C4-4FD3-9F4D-57F8D5CEDC6E}.Release|x64.Build.0 = Release|x64
		{2D2ED289-90C4-4FD3-9F4D-57F8D5CEDC6E}.Release|x86.ActiveCfg = Release|Win32
		{2D2ED289-90C4-4FD3-9F4D-57F8D5CEDC6E}.Release|x86.Build.0 = Release|Win32
		{4EDACFCF-C03B-4FAE-985E-7E0198247324}.Debug|x64.ActiveCfg = Debug|x64
		{4EDACFCF-C03B-4FAE-985E-7E0198247324}.Debug|x64.Build.0 = Debug|x64
		{4EDACFCF-C03B-4FAE-985E-7E0198247324}.Debug|x86.ActiveCfg = Debug|Win32
		{4EDACFCF-C03B-4FAE-985E-7E0198247324}.Debug|x86.Build.0 = Debug|Win32
		{4EDACFCF-C03B-4FAE-985E-7E0198247324}.Release|x64.ActiveCfg = Release|x64
		{4EDACFCF-C03B-4FAE-985E-7E0198247324}.Release|x64.Build.0 = Release|x64
		{4EDACFCF-C03B-4FAE-985E-7E0198247324}.Release|x86.ActiveCfg = Release|Win32
		{4EDACFCF-C03B-4FAE-985E-7E0198247324}.Release|x86.Build.0 = Release|Win32
		{661A7CC4-07EF-4833-810E-D465E2134B3C}.Debug|x64.ActiveCfg = Debug|x64
		{661A7CC4-07EF-4833-810E-D465E2134B3C}.Debug|x64.Build.0 = Debug|x64
		{661A7CC4-07EF-4833-810E-D465E2134B3C}.Debug|x86.ActiveCfg = Debug|Win32
		{661A7CC4-07EF-4833-810E-D465E2134B3C}.Debug|x86.Build.0 = Debug|Win32
		{661A7CC4-07EF-4833-810E-D465E2134B3C}.Release|x64.ActiveCfg = Release|x64
		{661A7CC4-07EF-4833-810E-D465E2134B3C}.Release|x64.Build.0 = Release|x64
		{661A7CC4-07EF-4833-810E-D465E2134B3C}.Release|x86.ActiveCfg = Release|Win32
		{661A7CC4-07EF-4833-810E-D465E2134B3C}.Release|x86.Build.0 = Release|Win32
	EndGlobalSection
	GlobalSection(SolutionProperties) = preSolution
		HideSolutionNode = FALSE
	EndGlobalSection
	GlobalSection(ExtensibilityGlobals) = postSolution
		SolutionGuid = {95404797-81E2-4B8D-8063-F64B00E27B31}
	EndGlobalSection
EndGlobal
